
Microsoft Visual Studio Solution File, Format Version 10.00
# Visual Studio 2008
Project("{FAE04EC0-301F-11D3-BF4B-00C04F79EFBC}") = "ILViewer", "ILViewer\ILViewer.csproj", "{02357FB2-0945-4D17-9545-BE661518EA8E}"
EndProject
Project("{54435603-DBB4-11D2-8724-00A0C9A8B90C}") = "ILViewerSetup", "ILViewerSetup\ILViewerSetup.vdproj", "{9F363F92-B12C-4E1F-A8A4-25CB674C370B}"
EndProject
Global
	GlobalSection(TeamFoundationVersionControl) = preSolution
		SccNumberOfProjects = 3
		SccEnterpriseProvider = {4CA58AB2-18FA-4F8D-95D4-32DDF27D184C}
		SccTeamFoundationServer = https://tfs01.codeplex.com/
		SccLocalPath0 = .
		SccProjectUniqueName1 = ILViewer\\ILViewer.csproj
		SccProjectName1 = ILViewer
		SccLocalPath1 = ILViewer
		SccProjectUniqueName2 = ILViewerSetup\\ILViewerSetup.vdproj
		SccProjectName2 = ILViewerSetup
		SccLocalPath2 = ILViewerSetup
	EndGlobalSection
	GlobalSection(SolutionConfigurationPlatforms) = preSolution
		Debug|Any CPU = Debug|Any CPU
		Release|Any CPU = Release|Any CPU
	EndGlobalSection
	GlobalSection(ProjectConfigurationPlatforms) = postSolution
		{02357FB2-0945-4D17-9545-BE661518EA8E}.Debug|Any CPU.ActiveCfg = Debug|Any CPU
		{02357FB2-0945-4D17-9545-BE661518EA8E}.Debug|Any CPU.Build.0 = Debug|Any CPU
		{02357FB2-0945-4D17-9545-BE661518EA8E}.Release|Any CPU.ActiveCfg = Release|Any CPU
		{02357FB2-0945-4D17-9545-BE661518EA8E}.Release|Any CPU.Build.0 = Release|Any CPU
		{9F363F92-B12C-4E1F-A8A4-25CB674C370B}.Debug|Any CPU.ActiveCfg = Debug
		{9F363F92-B12C-4E1F-A8A4-25CB674C370B}.Debug|Any CPU.Build.0 = Debug
		{9F363F92-B12C-4E1F-A8A4-25CB674C370B}.Release|Any CPU.ActiveCfg = Release
	EndGlobalSection
	GlobalSection(SolutionProperties) = preSolution
		HideSolutionNode = FALSE
	EndGlobalSection
EndGlobal
